
Microsoft Visual Studio Solution File, Format Version 12.00
# Visual Studio Version 16
VisualStudioVersion = 16.0.31005.135
MinimumVisualStudioVersion = 10.0.40219.1
Project("{FAE04EC0-301F-11D3-BF4B-00C04F79EFBC}") = "Calculater", "Calculater.csproj", "{EAB8D01B-3822-4C41-BF8E-B84E5C849908}"
EndProject
Global
	GlobalSection(SolutionConfigurationPlatforms) = preSolution
		Debug|Any CPU = Debug|Any CPU
		Release|Any CPU = Release|Any CPU
	EndGlobalSection
	GlobalSection(ProjectConfigurationPlatforms) = postSolution
		{EAB8D01B-3822-4C41-BF8E-B84E5C849908}.Debug|Any CPU.ActiveCfg = Debug|Any CPU
		{EAB8D01B-3822-4C41-BF8E-B84E5C849908}.Debug|Any CPU.Build.0 = Debug|Any CPU
		{EAB8D01B-3822-4C41-BF8E-B84E5C849908}.Release|Any CPU.ActiveCfg = Release|Any CPU
		{EAB8D01B-3822-4C41-BF8E-B84E5C849908}.Release|Any CPU.Build.0 = Release|Any CPU
	EndGlobalSection
	GlobalSection(SolutionProperties) = preSolution
		HideSolutionNode = FALSE
	EndGlobalSection
	GlobalSection(ExtensibilityGlobals) = postSolution
		SolutionGuid = {86053B6A-69E0-4576-83C0-8C973A6A3FBC}
	EndGlobalSection
EndGlobal
